
Microsoft Visual Studio Solution File, Format Version 12.00
# Visual Studio Version 17
VisualStudioVersion = 17.8.34525.116
MinimumVisualStudioVersion = 10.0.40219.1
Project("{9A19103F-16F7-4668-BE54-9A1E7A4F7556}") = "CDN_WebAPI", "CDN_WebAPI\CDN_WebAPI.csproj", "{4D95F421-12D0-41A9-ACFA-A62E80BB0007}"
EndProject
Project("{FAE04EC0-301F-11D3-BF4B-00C04F79EFBC}") = "CDN_Web", "CDN_Web\CDN_Web.csproj", "{FF3EB820-A03D-4958-8E51-963DA33CCE79}"
EndProject
Global
	GlobalSection(SolutionConfigurationPlatforms) = preSolution
		Debug|Any CPU = Debug|Any CPU
		Release|Any CPU = Release|Any CPU
	EndGlobalSection
	GlobalSection(ProjectConfigurationPlatforms) = postSolution
		{4D95F421-12D0-41A9-ACFA-A62E80BB0007}.Debug|Any CPU.ActiveCfg = Debug|Any CPU
		{4D95F421-12D0-41A9-ACFA-A62E80BB0007}.Debug|Any CPU.Build.0 = Debug|Any CPU
		{4D95F421-12D0-41A9-ACFA-A62E80BB0007}.Release|Any CPU.ActiveCfg = Release|Any CPU
		{4D95F421-12D0-41A9-ACFA-A62E80BB0007}.Release|Any CPU.Build.0 = Release|Any CPU
		{FF3EB820-A03D-4958-8E51-963DA33CCE79}.Debug|Any CPU.ActiveCfg = Debug|Any CPU
		{FF3EB820-A03D-4958-8E51-963DA33CCE79}.Debug|Any CPU.Build.0 = Debug|Any CPU
		{FF3EB820-A03D-4958-8E51-963DA33CCE79}.Release|Any CPU.ActiveCfg = Release|Any CPU
		{FF3EB820-A03D-4958-8E51-963DA33CCE79}.Release|Any CPU.Build.0 = Release|Any CPU
	EndGlobalSection
	GlobalSection(SolutionProperties) = preSolution
		HideSolutionNode = FALSE
	EndGlobalSection
	GlobalSection(ExtensibilityGlobals) = postSolution
		SolutionGuid = {CA36AE0E-7560-4086-AB8B-BD367CD49A75}
	EndGlobalSection
EndGlobal
